PODS:
  - IQKeyboardManagerSwift (6.5.5)
  - MBProgressHUD (1.2.0)

DEPENDENCIES:
  - IQKeyboardManagerSwift
  - MBProgressHUD

SPEC REPOS:
  trunk:
    - IQKeyboardManagerSwift
    - MBProgressHUD

SPEC CHECKSUMS:
  IQKeyboardManagerSwift: 0fb93310284665245591f50f7a5e38de615960b7
  MBProgressHUD: 3ee5efcc380f6a79a7cc9b363dd669c5e1ae7406

PODFILE CHECKSUM: 382efefc313cbb5b16fb5ee3a05a80ebb5b9bf9c

COCOAPODS: 1.8.4
